
Microsoft Visual Studio Solution File, Format Version 12.00
# Visual Studio Version 17
VisualStudioVersion = 17.0.31611.283
MinimumVisualStudioVersion = 10.0.40219.1
Project("{9A19103F-16F7-4668-BE54-9A1E7A4F7556}") = "FreshTech", "FreshTech\FreshTech.csproj", "{7563F3BA-8EED-4F04-9B9F-E3E832013029}"
EndProject
Project("{9A19103F-16F7-4668-BE54-9A1E7A4F7556}") = "AppCore", "AppCore\AppCore.csproj", "{CF9E284C-48D0-45DD-A4B3-B0223E572871}"
EndProject
Project("{9A19103F-16F7-4668-BE54-9A1E7A4F7556}") = "WebApplicationAPI", "WebApplicationAPI\WebApplicationAPI.csproj", "{D5E15544-ECDD-44E8-97E2-3D9CA7E12733}"
EndProject
Project("{FAE04EC0-301F-11D3-BF4B-00C04F79EFBC}") = "ProjectTester", "ProjectTester\ProjectTester.csproj", "{BF69144D-FF78-4A1D-B079-A6951358BC02}"
EndProject
Global
	GlobalSection(SolutionConfigurationPlatforms) = preSolution
		Debug|Any CPU = Debug|Any CPU
		Release|Any CPU = Release|Any CPU
	EndGlobalSection
	GlobalSection(ProjectConfigurationPlatforms) = postSolution
		{7563F3BA-8EED-4F04-9B9F-E3E832013029}.Debug|Any CPU.ActiveCfg = Debug|Any CPU
		{7563F3BA-8EED-4F04-9B9F-E3E832013029}.Debug|Any CPU.Build.0 = Debug|Any CPU
		{7563F3BA-8EED-4F04-9B9F-E3E832013029}.Debug|Any CPU.Deploy.0 = Debug|Any CPU
		{7563F3BA-8EED-4F04-9B9F-E3E832013029}.Release|Any CPU.ActiveCfg = Release|Any CPU
		{7563F3BA-8EED-4F04-9B9F-E3E832013029}.Release|Any CPU.Build.0 = Release|Any CPU
		{7563F3BA-8EED-4F04-9B9F-E3E832013029}.Release|Any CPU.Deploy.0 = Release|Any CPU
		{CF9E284C-48D0-45DD-A4B3-B0223E572871}.Debug|Any CPU.ActiveCfg = Debug|Any CPU
		{CF9E284C-48D0-45DD-A4B3-B0223E572871}.Debug|Any CPU.Build.0 = Debug|Any CPU
		{CF9E284C-48D0-45DD-A4B3-B0223E572871}.Release|Any CPU.ActiveCfg = Release|Any CPU
		{CF9E284C-48D0-45DD-A4B3-B0223E572871}.Release|Any CPU.Build.0 = Release|Any CPU
		{D5E15544-ECDD-44E8-97E2-3D9CA7E12733}.Debug|Any CPU.ActiveCfg = Debug|Any CPU
		{D5E15544-ECDD-44E8-97E2-3D9CA7E12733}.Debug|Any CPU.Build.0 = Debug|Any CPU
		{D5E15544-ECDD-44E8-97E2-3D9CA7E12733}.Release|Any CPU.ActiveCfg = Release|Any CPU
		{D5E15544-ECDD-44E8-97E2-3D9CA7E12733}.Release|Any CPU.Build.0 = Release|Any CPU
		{BF69144D-FF78-4A1D-B079-A6951358BC02}.Debug|Any CPU.ActiveCfg = Debug|Any CPU
		{BF69144D-FF78-4A1D-B079-A6951358BC02}.Debug|Any CPU.Build.0 = Debug|Any CPU
		{BF69144D-FF78-4A1D-B079-A6951358BC02}.Release|Any CPU.ActiveCfg = Release|Any CPU
		{BF69144D-FF78-4A1D-B079-A6951358BC02}.Release|Any CPU.Build.0 = Release|Any CPU
	EndGlobalSection
	GlobalSection(SolutionProperties) = preSolution
		HideSolutionNode = FALSE
	EndGlobalSection
	GlobalSection(ExtensibilityGlobals) = postSolution
		SolutionGuid = {61F7FB11-1E47-470C-91E2-47F8143E1572}
	EndGlobalSection
EndGlobal
